
Microsoft Visual Studio Solution File, Format Version 12.00
# Visual Studio Version 16
VisualStudioVersion = 25.0.1705.3
MinimumVisualStudioVersion = 10.0.40219.1
Project("{FAE04EC0-301F-11D3-BF4B-00C04F79EFBC}") = "TodoApp", "TodoApp\TodoApp.csproj", "{FD34DCB9-7A93-4F5F-9607-00C388C98CF7}"
EndProject
Global
	GlobalSection(SolutionConfigurationPlatforms) = preSolution
		Debug|Any CPU = Debug|Any CPU
		Release|Any CPU = Release|Any CPU
	EndGlobalSection
	GlobalSection(ProjectConfigurationPlatforms) = postSolution
		{FD34DCB9-7A93-4F5F-9607-00C388C98CF7}.Debug|Any CPU.ActiveCfg = Debug|Any CPU
		{FD34DCB9-7A93-4F5F-9607-00C388C98CF7}.Debug|Any CPU.Build.0 = Debug|Any CPU
		{FD34DCB9-7A93-4F5F-9607-00C388C98CF7}.Release|Any CPU.ActiveCfg = Release|Any CPU
		{FD34DCB9-7A93-4F5F-9607-00C388C98CF7}.Release|Any CPU.Build.0 = Release|Any CPU
	EndGlobalSection
	GlobalSection(SolutionProperties) = preSolution
		HideSolutionNode = FALSE
	EndGlobalSection
	GlobalSection(ExtensibilityGlobals) = postSolution
		SolutionGuid = {CF8CD523-5AF7-43F1-B39E-C57884EC5BDF}
	EndGlobalSection
EndGlobal
